
Microsoft Visual Studio Solution File, Format Version 12.00
# Visual Studio Version 17
VisualStudioVersion = 17.14.36310.24 d17.14
MinimumVisualStudioVersion = 10.0.40219.1
Project("{FAE04EC0-301F-11D3-BF4B-00C04F79EFBC}") = "Shopping Cart Price Summary", "Shopping Cart Price Summary.csproj", "{6BFEB618-362E-46D3-BE47-10808F9D30E1}"
EndProject
Global
	GlobalSection(SolutionConfigurationPlatforms) = preSolution
		Debug|Any CPU = Debug|Any CPU
		Release|Any CPU = Release|Any CPU
	EndGlobalSection
	GlobalSection(ProjectConfigurationPlatforms) = postSolution
		{6BFEB618-362E-46D3-BE47-10808F9D30E1}.Debug|Any CPU.ActiveCfg = Debug|Any CPU
		{6BFEB618-362E-46D3-BE47-10808F9D30E1}.Debug|Any CPU.Build.0 = Debug|Any CPU
		{6BFEB618-362E-46D3-BE47-10808F9D30E1}.Release|Any CPU.ActiveCfg = Release|Any CPU
		{6BFEB618-362E-46D3-BE47-10808F9D30E1}.Release|Any CPU.Build.0 = Release|Any CPU
	EndGlobalSection
	GlobalSection(SolutionProperties) = preSolution
		HideSolutionNode = FALSE
	EndGlobalSection
	GlobalSection(ExtensibilityGlobals) = postSolution
		SolutionGuid = {8CC9339E-1B07-4C90-A44A-8B528481A9EE}
	EndGlobalSection
EndGlobal
